# This file was autogenerated by Stack.
# You should not edit this file by hand.
# For more information, please see the documentation at:
#   https://docs.haskellstack.org/en/stable/lock_files

packages: []
snapshots:
- completed:
    size: 619170
    url: https://raw.githubusercontent.com/commercialhaskell/stackage-snapshots/master/lts/19/19.yaml
    sha256: a95a93bcb7132bf5f8ad3356998e223947852f57d4da63e0e145870ea90d9d18
  original: lts-19.19
